// !$*UTF8*$!
{
	archiveVersion = 1;
	classes = {
	};
	objectVersion = 55;
	objects = {

/* Begin PBXBuildFile section */
		6FFC050E284B6AA700AAA52D /* AppDelegate.swift in Sources */ = {isa = PBXBuildFile; fileRef = 6FFC050D284B6AA700AAA52D /* AppDelegate.swift */; };
		6FFC0510284B6AA700AAA52D /* SceneDelegate.swift in Sources */ = {isa = PBXBuildFile; fileRef = 6FFC050F284B6AA700AAA52D /* SceneDelegate.swift */; };
		6FFC0515284B6AA700AAA52D /* Main.storyboard in Resources */ = {isa = PBXBuildFile; fileRef = 6FFC0513284B6AA700AAA52D /* Main.storyboard */; };
		6FFC0517284B6AA800AAA52D /* Assets.xcassets in Resources */ = {isa = PBXBuildFile; fileRef = 6FFC0516284B6AA800AAA52D /* Assets.xcassets */; };
		6FFC051A284B6AA800AAA52D /* LaunchScreen.storyboard in Resources */ = {isa = PBXBuildFile; fileRef = 6FFC0518284B6AA800AAA52D /* LaunchScreen.storyboard */; };
		6FFC0522284B6DDC00AAA52D /* TableViewController.swift in Sources */ = {isa = PBXBuildFile; fileRef = 6FFC0521284B6DDC00AAA52D /* TableViewController.swift */; };
		6FFC0526284B6E6700AAA52D /* AddViewController.swift in Sources */ = {isa = PBXBuildFile; fileRef = 6FFC0525284B6E6700AAA52D /* AddViewController.swift */; };
		6FFC0528284B6E7E00AAA52D /* DetailViewController.swift in Sources */ = {isa = PBXBuildFile; fileRef = 6FFC0527284B6E7E00AAA52D /* DetailViewController.swift */; };
		6FFC052C284B716900AAA52D /* clock.jpeg in Resources */ = {isa = PBXBuildFile; fileRef = 6FFC0529284B716900AAA52D /* clock.jpeg */; };
		6FFC052D284B716900AAA52D /* pencil.jpeg in Resources */ = {isa = PBXBuildFile; fileRef = 6FFC052A284B716900AAA52D /* pencil.jpeg */; };
		6FFC052E284B716900AAA52D /* cart.jpeg in Resources */ = {isa = PBXBuildFile; fileRef = 6FFC052B284B716900AAA52D /* cart.jpeg */; };
/* End PBXBuildFile section */

/* Begin PBXFileReference section */
		6FFC050A284B6AA700AAA52D /* Table.app */ = {isa = PBXFileReference; explicitFileType = wrapper.application; includeInIndex = 0; path = Table.app; sourceTree = BUILT_PRODUCTS_DIR; };
		6FFC050D284B6AA700AAA52D /* AppDelegate.swift */ = {isa = PBXFileReference; lastKnownFileType = sourcecode.swift; path = AppDelegate.swift; sourceTree = "<group>"; };
		6FFC050F284B6AA700AAA52D /* SceneDelegate.swift */ = {isa = PBXFileReference; lastKnownFileType = sourcecode.swift; path = SceneDelegate.swift; sourceTree = "<group>"; };
		6FFC0514284B6AA700AAA52D /* Base */ = {isa = PBXFileReference; lastKnownFileType = file.storyboard; name = Base; path = Base.lproj/Main.storyboard; sourceTree = "<group>"; };
		6FFC0516284B6AA800AAA52D /* Assets.xcassets */ = {isa = PBXFileReference; lastKnownFileType = folder.assetcatalog; path = Assets.xcassets; sourceTree = "<group>"; };
		6FFC0519284B6AA800AAA52D /* Base */ = {isa = PBXFileReference; lastKnownFileType = file.storyboard; name = Base; path = Base.lproj/LaunchScreen.storyboard; sourceTree = "<group>"; };
		6FFC051B284B6AA800AAA52D /* Info.plist */ = {isa = PBXFileReference; lastKnownFileType = text.plist.xml; path = Info.plist; sourceTree = "<group>"; };
		6FFC0521284B6DDC00AAA52D /* TableViewController.swift */ = {isa = PBXFileReference; lastKnownFileType = sourcecode.swift; path = TableViewController.swift; sourceTree = "<group>"; };
		6FFC0525284B6E6700AAA52D /* AddViewController.swift */ = {isa = PBXFileReference; lastKnownFileType = sourcecode.swift; path = AddViewController.swift; sourceTree = "<group>"; };
		6FFC0527284B6E7E00AAA52D /* DetailViewController.swift */ = {isa = PBXFileReference; lastKnownFileType = sourcecode.swift; path = DetailViewController.swift; sourceTree = "<group>"; };
		6FFC0529284B716900AAA52D /* clock.jpeg */ = {isa = PBXFileReference; lastKnownFileType = image.jpeg; path = clock.jpeg; sourceTree = "<group>"; };
		6FFC052A284B716900AAA52D /* pencil.jpeg */ = {isa = PBXFileReference; lastKnownFileType = image.jpeg; path = pencil.jpeg; sourceTree = "<group>"; };
		6FFC052B284B716900AAA52D /* cart.jpeg */ = {isa = PBXFileReference; lastKnownFileType = image.jpeg; path = cart.jpeg; sourceTree = "<group>"; };
/* End PBXFileReference section */

/* Begin PBXFrameworksBuildPhase section */
		6FFC0507284B6AA700AAA52D /* Frameworks */ = {
			isa = PBXFrameworksBuildPhase;
			buildActionMask = 2147483647;
			files = (
			);
			runOnlyForDeploymentPostprocessing = 0;
		};
/* End PBXFrameworksBuildPhase section */

/* Begin PBXGroup section */
		6FFC0501284B6AA700AAA52D = {
			isa = PBXGroup;
			children = (
				6FFC050C284B6AA700AAA52D /* Table */,
				6FFC050B284B6AA700AAA52D /* Products */,
			);
			sourceTree = "<group>";
		};
		6FFC050B284B6AA700AAA52D /* Products */ = {
			isa = PBXGroup;
			children = (
				6FFC050A284B6AA700AAA52D /* Table.app */,
			);
			name = Products;
			sourceTree = "<group>";
		};
		6FFC050C284B6AA700AAA52D /* Table */ = {
			isa = PBXGroup;
			children = (
				6FFC052B284B716900AAA52D /* cart.jpeg */,
				6FFC0529284B716900AAA52D /* clock.jpeg */,
				6FFC052A284B716900AAA52D /* pencil.jpeg */,
				6FFC050D284B6AA700AAA52D /* AppDelegate.swift */,
				6FFC0521284B6DDC00AAA52D /* TableViewController.swift */,
				6FFC0525284B6E6700AAA52D /* AddViewController.swift */,
				6FFC0527284B6E7E00AAA52D /* DetailViewController.swift */,
				6FFC050F284B6AA700AAA52D /* SceneDelegate.swift */,
				6FFC0513284B6AA700AAA52D /* Main.storyboard */,
				6FFC0516284B6AA800AAA52D /* Assets.xcassets */,
				6FFC0518284B6AA800AAA52D /* LaunchScreen.storyboard */,
				6FFC051B284B6AA800AAA52D /* Info.plist */,
			);
			path = Table;
			sourceTree = "<group>";
		};
/* End PBXGroup section */

/* Begin PBXNativeTarget section */
		6FFC0509284B6AA700AAA52D /* Table */ = {
			isa = PBXNativeTarget;
			buildConfigurationList = 6FFC051E284B6AA800AAA52D /* Build configuration list for PBXNativeTarget "Table" */;
			buildPhases = (
				6FFC0506284B6AA700AAA52D /* Sources */,
				6FFC0507284B6AA700AAA52D /* Frameworks */,
				6FFC0508284B6AA700AAA52D /* Resources */,
			);
			buildRules = (
			);
			dependencies = (
			);
			name = Table;
			productName = Table;
			productReference = 6FFC050A284B6AA700AAA52D /* Table.app */;
			productType = "com.apple.product-type.application";
		};
/* End PBXNativeTarget section */

/* Begin PBXProject section */
		6FFC0502284B6AA700AAA52D /* Project object */ = {
			isa = PBXProject;
			attributes = {
				BuildIndependentTargetsInParallel = 1;
				LastSwiftUpdateCheck = 1340;
				LastUpgradeCheck = 1340;
				TargetAttributes = {
					6FFC0509284B6AA700AAA52D = {
						CreatedOnToolsVersion = 13.4.1;
					};
				};
			};
			buildConfigurationList = 6FFC0505284B6AA700AAA52D /* Build configuration list for PBXProject "Table" */;
			compatibilityVersion = "Xcode 13.0";
			developmentRegion = en;
			hasScannedForEncodings = 0;
			knownRegions = (
				en,
				Base,
			);
			mainGroup = 6FFC0501284B6AA700AAA52D;
			productRefGroup = 6FFC050B284B6AA700AAA52D /* Products */;
			projectDirPath = "";
			projectRoot = "";
			targets = (
				6FFC0509284B6AA700AAA52D /* Table */,
			);
		};
/* End PBXProject section */

/* Begin PBXResourcesBuildPhase section */
		6FFC0508284B6AA700AAA52D /* Resources */ = {
			isa = PBXResourcesBuildPhase;
			buildActionMask = 2147483647;
			files = (
				6FFC051A284B6AA800AAA52D /* LaunchScreen.storyboard in Resources */,
				6FFC052E284B716900AAA52D /* cart.jpeg in Resources */,
				6FFC0517284B6AA800AAA52D /* Assets.xcassets in Resources */,
				6FFC052C284B716900AAA52D /* clock.jpeg in Resources */,
				6FFC052D284B716900AAA52D /* pencil.jpeg in Resources */,
				6FFC0515284B6AA700AAA52D /* Main.storyboard in Resources */,
			);
			runOnlyForDeploymentPostprocessing = 0;
		};
/* End PBXResourcesBuildPhase section */

/* Begin PBXSourcesBuildPhase section */
		6FFC0506284B6AA700AAA52D /* Sources */ = {
			isa = PBXSourcesBuildPhase;
			buildActionMask = 2147483647;
			files = (
				6FFC050E284B6AA700AAA52D /* AppDelegate.swift in Sources */,
				6FFC0522284B6DDC00AAA52D /* TableViewController.swift in Sources */,
				6FFC0528284B6E7E00AAA52D /* DetailViewController.swift in Sources */,
				6FFC0526284B6E6700AAA52D /* AddViewController.swift in Sources */,
				6FFC0510284B6AA700AAA52D /* SceneDelegate.swift in Sources */,
			);
			runOnlyForDeploymentPostprocessing = 0;
		};
/* End PBXSourcesBuildPhase section */

/* Begin PBXVariantGroup section */
		6FFC0513284B6AA700AAA52D /* Main.storyboard */ = {
			isa = PBXVariantGroup;
			children = (
				6FFC0514284B6AA700AAA52D /* Base */,
			);
			name = Main.storyboard;
			sourceTree = "<group>";
		};
		6FFC0518284B6AA800AAA52D /* LaunchScreen.storyboard */ = {
			isa = PBXVariantGroup;
			children = (
				6FFC0519284B6AA800AAA52D /* Base */,
			);
			name = LaunchScreen.storyboard;
			sourceTree = "<group>";
		};
/* End PBXVariantGroup section */

/* Begin XCBuildConfiguration section */
		6FFC051C284B6AA800AAA52D /* Debug */ = {
			isa = XCBuildConfiguration;
			buildSettings = {
				ALWAYS_SEARCH_USER_PATHS = NO;
				CLANG_ANALYZER_NONNULL = YES;
				CLANG_ANALYZER_NUMBER_OBJECT_CONVERSION = YES_AGGRESSIVE;
				CLANG_CXX_LANGUAGE_STANDARD = "gnu++17";
				CLANG_ENABLE_MODULES = YES;
				CLANG_ENABLE_OBJC_ARC = YES;
				CLANG_ENABLE_OBJC_WEAK = YES;
				CLANG_WARN_BLOCK_CAPTURE_AUTORELEASING = YES;
				CLANG_WARN_BOOL_CONVERSION = YES;
				CLANG_WARN_COMMA = YES;
				CLANG_WARN_CONSTANT_CONVERSION = YES;
				CLANG_WARN_DEPRECATED_OBJC_IMPLEMENTATIONS = YES;
				CLANG_WARN_DIRECT_OBJC_ISA_USAGE = YES_ERROR;
				CLANG_WARN_DOCUMENTATION_COMMENTS = YES;
				CLANG_WARN_EMPTY_BODY = YES;
				CLANG_WARN_ENUM_CONVERSION = YES;
				CLANG_WARN_INFINITE_RECURSION = YES;
				CLANG_WARN_INT_CONVERSION = YES;
				CLANG_WARN_NON_LITERAL_NULL_CONVERSION = YES;
				CLANG_WARN_OBJC_IMPLICIT_RETAIN_SELF = YES;
				CLANG_WARN_OBJC_LITERAL_CONVERSION = YES;
				CLANG_WARN_OBJC_ROOT_CLASS = YES_ERROR;
				CLANG_WARN_QUOTED_INCLUDE_IN_FRAMEWORK_HEADER = YES;
				CLANG_WARN_RANGE_LOOP_ANALYSIS = YES;
				CLANG_WARN_STRICT_PROTOTYPES = YES;
				CLANG_WARN_SUSPICIOUS_MOVE = YES;
				CLANG_WARN_UNGUARDED_AVAILABILITY = YES_AGGRESSIVE;
				CLANG_WARN_UNREACHABLE_CODE = YES;
				CLANG_WARN__DUPLICATE_METHOD_MATCH = YES;
				COPY_PHASE_STRIP = NO;
				DEBUG_INFORMATION_FORMAT = dwarf;
				ENABLE_STRICT_OBJC_MSGSEND = YES;
				ENABLE_TESTABILITY = YES;
				GCC_C_LANGUAGE_STANDARD = gnu11;
				GCC_DYNAMIC_NO_PIC = NO;
				GCC_NO_COMMON_BLOCKS = YES;
				GCC_OPTIMIZATION_LEVEL = 0;
				GCC_PREPROCESSOR_DEFINITIONS = (
					"DEBUG=1",
					"$(inherited)",
				);
				GCC_WARN_64_TO_32_BIT_CONVERSION = YES;
				GCC_WARN_ABOUT_RETURN_TYPE = YES_ERROR;
				GCC_WARN_UNDECLARED_SELECTOR = YES;
				GCC_WARN_UNINITIALIZED_AUTOS = YES_AGGRESSIVE;
				GCC_WARN_UNUSED_FUNCTION = YES;
				GCC_WARN_UNUSED_VARIABLE = YES;
				IPHONEOS_DEPLOYMENT_TARGET = 15.5;
				MTL_ENABLE_DEBUG_INFO = INCLUDE_SOURCE;
				MTL_FAST_MATH = YES;
				ONLY_ACTIVE_ARCH = YES;
				SDKROOT = iphoneos;
				SWIFT_ACTIVE_COMPILATION_CONDITIONS = DEBUG;
				SWIFT_OPTIMIZATION_LEVEL = "-Onone";
			};
			name = Debug;
		};
		6FFC051D284B6AA800AAA52D /* Release */ = {
			isa = XCBuildConfiguration;
			buildSettings = {
				ALWAYS_SEARCH_USER_PATHS = NO;
				CLANG_ANALYZER_NONNULL = YES;
				CLANG_ANALYZER_NUMBER_OBJECT_CONVERSION = YES_AGGRESSIVE;
				CLANG_CXX_LANGUAGE_STANDARD = "gnu++17";
				CLANG_ENABLE_MODULES = YES;
				CLANG_ENABLE_OBJC_ARC = YES;
				CLANG_ENABLE_OBJC_WEAK = YES;
				CLANG_WARN_BLOCK_CAPTURE_AUTORELEASING = YES;
				CLANG_WARN_BOOL_CONVERSION = YES;
				CLANG_WARN_COMMA = YES;
				CLANG_WARN_CONSTANT_CONVERSION = YES;
				CLANG_WARN_DEPRECATED_OBJC_IMPLEMENTATIONS = YES;
				CLANG_WARN_DIRECT_OBJC_ISA_USAGE = YES_ERROR;
				CLANG_WARN_DOCUMENTATION_COMMENTS = YES;
				CLANG_WARN_EMPTY_BODY = YES;
				CLANG_WARN_ENUM_CONVERSION = YES;
				CLANG_WARN_INFINITE_RECURSION = YES;
				CLANG_WARN_INT_CONVERSION = YES;
				CLANG_WARN_NON_LITERAL_NULL_CONVERSION = YES;
				CLANG_WARN_OBJC_IMPLICIT_RETAIN_SELF = YES;
				CLANG_WARN_OBJC_LITERAL_CONVERSION = YES;
				CLANG_WARN_OBJC_ROOT_CLASS = YES_ERROR;
				CLANG_WARN_QUOTED_INCLUDE_IN_FRAMEWORK_HEADER = YES;
				CLANG_WARN_RANGE_LOOP_ANALYSIS = YES;
				CLANG_WARN_STRICT_PROTOTYPES = YES;
				CLANG_WARN_SUSPICIOUS_MOVE = YES;
				CLANG_WARN_UNGUARDED_AVAILABILITY = YES_AGGRESSIVE;
				CLANG_WARN_UNREACHABLE_CODE = YES;
				CLANG_WARN__DUPLICATE_METHOD_MATCH = YES;
				COPY_PHASE_STRIP = NO;
				DEBUG_INFORMATION_FORMAT = "dwarf-with-dsym";
				ENABLE_NS_ASSERTIONS = NO;
				ENABLE_STRICT_OBJC_MSGSEND = YES;
				GCC_C_LANGUAGE_STANDARD = gnu11;
				GCC_NO_COMMON_BLOCKS = YES;
				GCC_WARN_64_TO_32_BIT_CONVERSION = YES;
				GCC_WARN_ABOUT_RETURN_TYPE = YES_ERROR;
				GCC_WARN_UNDECLARED_SELECTOR = YES;
				GCC_WARN_UNINITIALIZED_AUTOS = YES_AGGRESSIVE;
				GCC_WARN_UNUSED_FUNCTION = YES;
				GCC_WARN_UNUSED_VARIABLE = YES;
				IPHONEOS_DEPLOYMENT_TARGET = 15.5;
				MTL_ENABLE_DEBUG_INFO = NO;
				MTL_FAST_MATH = YES;
				SDKROOT = iphoneos;
				SWIFT_COMPILATION_MODE = wholemodule;
				SWIFT_OPTIMIZATION_LEVEL = "-O";
				VALIDATE_PRODUCT = YES;
			};
			name = Release;
		};
		6FFC051F284B6AA800AAA52D /* Debug */ = {
			isa = XCBuildConfiguration;
			buildSettings = {
				ASSETCATALOG_COMPILER_APPICON_NAME = AppIcon;
				ASSETCATALOG_COMPILER_GLOBAL_ACCENT_COLOR_NAME = AccentColor;
				CODE_SIGN_STYLE = Automatic;
				CURRENT_PROJECT_VERSION = 1;
				GENERATE_INFOPLIST_FILE = YES;
				INFOPLIST_FILE = Table/Info.plist;
				INFOPLIST_KEY_UIApplicationSupportsIndirectInputEvents = YES;
				INFOPLIST_KEY_UILaunchStoryboardName = LaunchScreen;
				INFOPLIST_KEY_UIMainStoryboardFile = Main;
				INFOPLIST_KEY_UISupportedInterfaceOrientations_iPad = "UIInterfaceOrientationPortrait UIInterfaceOrientationPortraitUpsideDown UIInterfaceOrientationLandscapeLeft UIInterfaceOrientationLandscapeRight";
				INFOPLIST_KEY_UISupportedInterfaceOrientations_iPhone = "UIInterfaceOrientationPortrait UIInterfaceOrientationLandscapeLeft UIInterfaceOrientationLandscapeRight";
				LD_RUNPATH_SEARCH_PATHS = (
					"$(inherited)",
					"@executable_path/Frameworks",
				);
				MARKETING_VERSION = 1.0;
				PRODUCT_BUNDLE_IDENTIFIER = com.yourcompany.Table;
				PRODUCT_NAME = "$(TARGET_NAME)";
				SWIFT_EMIT_LOC_STRINGS = YES;
				SWIFT_VERSION = 5.0;
				TARGETED_DEVICE_FAMILY = "1,2";
			};
			name = Debug;
		};
		6FFC0520284B6AA800AAA52D /* Release */ = {
			isa = XCBuildConfiguration;
			buildSettings = {
				ASSETCATALOG_COMPILER_APPICON_NAME = AppIcon;
				ASSETCATALOG_COMPILER_GLOBAL_ACCENT_COLOR_NAME = AccentColor;
				CODE_SIGN_STYLE = Automatic;
				CURRENT_PROJECT_VERSION = 1;
				GENERATE_INFOPLIST_FILE = YES;
				INFOPLIST_FILE = Table/Info.plist;
				INFOPLIST_KEY_UIApplicationSupportsIndirectInputEvents = YES;
				INFOPLIST_KEY_UILaunchStoryboardName = LaunchScreen;
				INFOPLIST_KEY_UIMainStoryboardFile = Main;
				INFOPLIST_KEY_UISupportedInterfaceOrientations_iPad = "UIInterfaceOrientationPortrait UIInterfaceOrientationPortraitUpsideDown UIInterfaceOrientationLandscapeLeft UIInterfaceOrientationLandscapeRight";
				INFOPLIST_KEY_UISupportedInterfaceOrientations_iPhone = "UIInterfaceOrientationPortrait UIInterfaceOrientationLandscapeLeft UIInterfaceOrientationLandscapeRight";
				LD_RUNPATH_SEARCH_PATHS = (
					"$(inherited)",
					"@executable_path/Frameworks",
				);
				MARKETING_VERSION = 1.0;
				PRODUCT_BUNDLE_IDENTIFIER = com.yourcompany.Table;
				PRODUCT_NAME = "$(TARGET_NAME)";
				SWIFT_EMIT_LOC_STRINGS = YES;
				SWIFT_VERSION = 5.0;
				TARGETED_DEVICE_FAMILY = "1,2";
			};
			name = Release;
		};
/* End XCBuildConfiguration section */

/* Begin XCConfigurationList section */
		6FFC0505284B6AA700AAA52D /* Build configuration list for PBXProject "Table" */ = {
			isa = XCConfigurationList;
			buildConfigurations = (
				6FFC051C284B6AA800AAA52D /* Debug */,
				6FFC051D284B6AA800AAA52D /* Release */,
			);
			defaultConfigurationIsVisible = 0;
			defaultConfigurationName = Release;
		};
		6FFC051E284B6AA800AAA52D /* Build configuration list for PBXNativeTarget "Table" */ = {
			isa = XCConfigurationList;
			buildConfigurations = (
				6FFC051F284B6AA800AAA52D /* Debug */,
				6FFC0520284B6AA800AAA52D /* Release */,
			);
			defaultConfigurationIsVisible = 0;
			defaultConfigurationName = Release;
		};
/* End XCConfigurationList section */
	};
	rootObject = 6FFC0502284B6AA700AAA52D /* Project object */;
}
